
Microsoft Visual Studio Solution File, Format Version 12.00
# Visual Studio Version 17
VisualStudioVersion = 17.3.32825.248
MinimumVisualStudioVersion = 10.0.40219.1
Project("{FAE04EC0-301F-11D3-BF4B-00C04F79EFBC}") = "APIwithFrontNT", "APIwithFrontNT.csproj", "{FCA947D8-4B40-4864-8801-27929308758A}"
EndProject
Global
	GlobalSection(SolutionConfigurationPlatforms) = preSolution
		Debug|Any CPU = Debug|Any CPU
		Release|Any CPU = Release|Any CPU
	EndGlobalSection
	GlobalSection(ProjectConfigurationPlatforms) = postSolution
		{FCA947D8-4B40-4864-8801-27929308758A}.Debug|Any CPU.ActiveCfg = Debug|Any CPU
		{FCA947D8-4B40-4864-8801-27929308758A}.Debug|Any CPU.Build.0 = Debug|Any CPU
		{FCA947D8-4B40-4864-8801-27929308758A}.Release|Any CPU.ActiveCfg = Release|Any CPU
		{FCA947D8-4B40-4864-8801-27929308758A}.Release|Any CPU.Build.0 = Release|Any CPU
	EndGlobalSection
	GlobalSection(SolutionProperties) = preSolution
		HideSolutionNode = FALSE
	EndGlobalSection
	GlobalSection(ExtensibilityGlobals) = postSolution
		SolutionGuid = {95CB378B-3A23-49C5-8F27-5E0DF0C5DDA5}
	EndGlobalSection
EndGlobal
